
Microsoft Visual Studio Solution File, Format Version 12.00
# Visual Studio 15
VisualStudioVersion = 15.0.28307.489
MinimumVisualStudioVersion = 10.0.40219.1
Project("{FAE04EC0-301F-11D3-BF4B-00C04F79EFBC}") = "ThreadedProjectTerm2", "ThreadedProjectTerm2\ThreadedProjectTerm2.csproj", "{69374B55-2159-4889-B97F-E07E445897A1}"
EndProject
Project("{FAE04EC0-301F-11D3-BF4B-00C04F79EFBC}") = "TravelExpertsClasses", "TravelExpertsClasses\TravelExpertsClasses.csproj", "{0DCDD615-1735-41A5-B967-3A1AF1A32E84}"
EndProject
Project("{FAE04EC0-301F-11D3-BF4B-00C04F79EFBC}") = "DBClasses", "DBClasses\DBClasses.csproj", "{0BE13ADF-AC19-41A8-87F4-9AFB0303723B}"
EndProject
Global
	GlobalSection(SolutionConfigurationPlatforms) = preSolution
		Debug|Any CPU = Debug|Any CPU
		Release|Any CPU = Release|Any CPU
	EndGlobalSection
	GlobalSection(ProjectConfigurationPlatforms) = postSolution
		{69374B55-2159-4889-B97F-E07E445897A1}.Debug|Any CPU.ActiveCfg = Debug|Any CPU
		{69374B55-2159-4889-B97F-E07E445897A1}.Debug|Any CPU.Build.0 = Debug|Any CPU
		{69374B55-2159-4889-B97F-E07E445897A1}.Release|Any CPU.ActiveCfg = Release|Any CPU
		{69374B55-2159-4889-B97F-E07E445897A1}.Release|Any CPU.Build.0 = Release|Any CPU
		{0DCDD615-1735-41A5-B967-3A1AF1A32E84}.Debug|Any CPU.ActiveCfg = Debug|Any CPU
		{0DCDD615-1735-41A5-B967-3A1AF1A32E84}.Debug|Any CPU.Build.0 = Debug|Any CPU
		{0DCDD615-1735-41A5-B967-3A1AF1A32E84}.Release|Any CPU.ActiveCfg = Release|Any CPU
		{0DCDD615-1735-41A5-B967-3A1AF1A32E84}.Release|Any CPU.Build.0 = Release|Any CPU
		{0BE13ADF-AC19-41A8-87F4-9AFB0303723B}.Debug|Any CPU.ActiveCfg = Debug|Any CPU
		{0BE13ADF-AC19-41A8-87F4-9AFB0303723B}.Debug|Any CPU.Build.0 = Debug|Any CPU
		{0BE13ADF-AC19-41A8-87F4-9AFB0303723B}.Release|Any CPU.ActiveCfg = Release|Any CPU
		{0BE13ADF-AC19-41A8-87F4-9AFB0303723B}.Release|Any CPU.Build.0 = Release|Any CPU
	EndGlobalSection
	GlobalSection(SolutionProperties) = preSolution
		HideSolutionNode = FALSE
	EndGlobalSection
	GlobalSection(ExtensibilityGlobals) = postSolution
		SolutionGuid = {60171DE8-83FA-478C-AB9C-C57A5CBC7794}
	EndGlobalSection
EndGlobal
